# THIS FILE WAS AUTOMATICALLY GENERATED BY KRES, PLEASE DO NOT EDIT.
#
# Generated on 2006-01-02T15:04:05Z by test.

'on':
  schedule:
    - cron: 0 2 * * *
name: Lock old issues
permissions:
  issues: write
jobs:
  action:
    runs-on:
      - self-hosted
      - sylphx-linux-standard
    steps:
      - name: Lock old issues
        uses: dessant/lock-threads@89ae32b08ed1a541efecbab17912962a5e38981c # version: v6.0.2
        with:
          issue-inactive-days: "60"
          log-output: "true"
          process-only: issues
